{
  "name": "Timendus' CHIP-8 Test Suite",
  "lockfileVersion": 2,
  "requires": true,
  "packages": {
    "": {
      "name": "Timendus' CHIP-8 Test Suite",
      "dependencies": {
        "chipcode": "../../chipcode",
        "octo-assembler": "^0.1.3"
      }
    },
    "../../chipcode": {
      "version": "0.1.0",
      "license": "GPLv3",
      "bin": {
        "chc": "compiler/chc.js",
        "octopus": "octopus.js"
      }
    },
    "node_modules/chipcode": {
      "resolved": "../../chipcode",
      "link": true
    },
    "node_modules/octo-assembler": {
      "version": "0.1.3",
      "resolved": "https://registry.npmjs.org/octo-assembler/-/octo-assembler-0.1.3.tgz",
      "integrity": "sha512-1OdhLLsrM0qKRvCNrajnkk+TvdAowoBE/E4tt+CTLi0JuV6MmptWb4XmU7Kh8Es7sw+7tSY18025w6vVjxah8A==",
      "bin": {
        "octo": "octo/octo"
      }
    }
  },
  "dependencies": {
    "chipcode": {
      "version": "file:../../chipcode"
    },
    "octo-assembler": {
      "version": "0.1.3",
      "resolved": "https://registry.npmjs.org/octo-assembler/-/octo-assembler-0.1.3.tgz",
      "integrity": "sha512-1OdhLLsrM0qKRvCNrajnkk+TvdAowoBE/E4tt+CTLi0JuV6MmptWb4XmU7Kh8Es7sw+7tSY18025w6vVjxah8A=="
    }
  }
}
